// !$*UTF8*$!
{
	archiveVersion = 1;
	classes = {
	};
	objectVersion = 55;
	objects = {

/* Begin PBXBuildFile section */
		EC2401AA28BD444B006AC8D0 /* Fourht.swift in Sources */ = {isa = PBXBuildFile; fileRef = EC2401A928BD444B006AC8D0 /* Fourht.swift */; };
		ECC7C23828BA2D6200533606 /* FinalProjectApp.swift in Sources */ = {isa = PBXBuildFile; fileRef = ECC7C23728BA2D6200533606 /* FinalProjectApp.swift */; };
		ECC7C23A28BA2D6200533606 /* ContentView.swift in Sources */ = {isa = PBXBuildFile; fileRef = ECC7C23928BA2D6200533606 /* ContentView.swift */; };
		ECC7C23C28BA2D6600533606 /* Assets.xcassets in Resources */ = {isa = PBXBuildFile; fileRef = ECC7C23B28BA2D6600533606 /* Assets.xcassets */; };
		ECC7C23F28BA2D6600533606 /* Preview Assets.xcassets in Resources */ = {isa = PBXBuildFile; fileRef = ECC7C23E28BA2D6600533606 /* Preview Assets.xcassets */; };
		ECDC421228BD04270026FBCD /* NeufileGrotesk_font in Resources */ = {isa = PBXBuildFile; fileRef = ECDC421128BD04270026FBCD /* NeufileGrotesk_font */; };
		ECDC421528BD0A930026FBCD /* NeufileGrotesk-Medium.ttf in Resources */ = {isa = PBXBuildFile; fileRef = ECDC421428BD0A930026FBCD /* NeufileGrotesk-Medium.ttf */; };
		ECDC421728BD0AD60026FBCD /* NeufileGrotesk-SemiBold.ttf in Resources */ = {isa = PBXBuildFile; fileRef = ECDC421628BD0AD60026FBCD /* NeufileGrotesk-SemiBold.ttf */; };
		ECDC421928BD17430026FBCD /* Sec.swift in Sources */ = {isa = PBXBuildFile; fileRef = ECDC421828BD17430026FBCD /* Sec.swift */; };
		ECDC421D28BD21940026FBCD /* Thi.swift in Sources */ = {isa = PBXBuildFile; fileRef = ECDC421C28BD21940026FBCD /* Thi.swift */; };
/* End PBXBuildFile section */

/* Begin PBXFileReference section */
		EC2401A928BD444B006AC8D0 /* Fourht.swift */ = {isa = PBXFileReference; lastKnownFileType = sourcecode.swift; path = Fourht.swift; sourceTree = "<group>"; };
		ECC7C23428BA2D6200533606 /* FinalProject.app */ = {isa = PBXFileReference; explicitFileType = wrapper.application; includeInIndex = 0; path = FinalProject.app; sourceTree = BUILT_PRODUCTS_DIR; };
		ECC7C23728BA2D6200533606 /* FinalProjectApp.swift */ = {isa = PBXFileReference; lastKnownFileType = sourcecode.swift; path = FinalProjectApp.swift; sourceTree = "<group>"; };
		ECC7C23928BA2D6200533606 /* ContentView.swift */ = {isa = PBXFileReference; lastKnownFileType = sourcecode.swift; path = ContentView.swift; sourceTree = "<group>"; };
		ECC7C23B28BA2D6600533606 /* Assets.xcassets */ = {isa = PBXFileReference; lastKnownFileType = folder.assetcatalog; path = Assets.xcassets; sourceTree = "<group>"; };
		ECC7C23E28BA2D6600533606 /* Preview Assets.xcassets */ = {isa = PBXFileReference; lastKnownFileType = folder.assetcatalog; path = "Preview Assets.xcassets"; sourceTree = "<group>"; };
		ECDC421128BD04270026FBCD /* NeufileGrotesk_font */ = {isa = PBXFileReference; lastKnownFileType = folder; path = NeufileGrotesk_font; sourceTree = "<group>"; };
		ECDC421328BD04510026FBCD /* Info.plist */ = {isa = PBXFileReference; lastKnownFileType = text.plist; path = Info.plist; sourceTree = "<group>"; };
		ECDC421428BD0A930026FBCD /* NeufileGrotesk-Medium.ttf */ = {isa = PBXFileReference; lastKnownFileType = file; path = "NeufileGrotesk-Medium.ttf"; sourceTree = "<group>"; };
		ECDC421628BD0AD60026FBCD /* NeufileGrotesk-SemiBold.ttf */ = {isa = PBXFileReference; lastKnownFileType = file; path = "NeufileGrotesk-SemiBold.ttf"; sourceTree = "<group>"; };
		ECDC421828BD17430026FBCD /* Sec.swift */ = {isa = PBXFileReference; lastKnownFileType = sourcecode.swift; path = Sec.swift; sourceTree = "<group>"; };
		ECDC421C28BD21940026FBCD /* Thi.swift */ = {isa = PBXFileReference; lastKnownFileType = sourcecode.swift; path = Thi.swift; sourceTree = "<group>"; };
/* End PBXFileReference section */

/* Begin PBXFrameworksBuildPhase section */
		ECC7C23128BA2D6200533606 /* Frameworks */ = {
			isa = PBXFrameworksBuildPhase;
			buildActionMask = 2147483647;
			files = (
			);
			runOnlyForDeploymentPostprocessing = 0;
		};
/* End PBXFrameworksBuildPhase section */

/* Begin PBXGroup section */
		ECC7C22B28BA2D6200533606 = {
			isa = PBXGroup;
			children = (
				ECC7C23628BA2D6200533606 /* FinalProject */,
				ECC7C23528BA2D6200533606 /* Products */,
			);
			sourceTree = "<group>";
		};
		ECC7C23528BA2D6200533606 /* Products */ = {
			isa = PBXGroup;
			children = (
				ECC7C23428BA2D6200533606 /* FinalProject.app */,
			);
			name = Products;
			sourceTree = "<group>";
		};
		ECC7C23628BA2D6200533606 /* FinalProject */ = {
			isa = PBXGroup;
			children = (
				ECDC421328BD04510026FBCD /* Info.plist */,
				ECC7C23728BA2D6200533606 /* FinalProjectApp.swift */,
				ECC7C23928BA2D6200533606 /* ContentView.swift */,
				ECDC421828BD17430026FBCD /* Sec.swift */,
				ECDC421C28BD21940026FBCD /* Thi.swift */,
				EC2401A928BD444B006AC8D0 /* Fourht.swift */,
				ECC7C23B28BA2D6600533606 /* Assets.xcassets */,
				ECDC421428BD0A930026FBCD /* NeufileGrotesk-Medium.ttf */,
				ECDC421628BD0AD60026FBCD /* NeufileGrotesk-SemiBold.ttf */,
				ECDC421128BD04270026FBCD /* NeufileGrotesk_font */,
				ECC7C23D28BA2D6600533606 /* Preview Content */,
			);
			path = FinalProject;
			sourceTree = "<group>";
		};
		ECC7C23D28BA2D6600533606 /* Preview Content */ = {
			isa = PBXGroup;
			children = (
				ECC7C23E28BA2D6600533606 /* Preview Assets.xcassets */,
			);
			path = "Preview Content";
			sourceTree = "<group>";
		};
/* End PBXGroup section */

/* Begin PBXNativeTarget section */
		ECC7C23328BA2D6200533606 /* FinalProject */ = {
			isa = PBXNativeTarget;
			buildConfigurationList = ECC7C24228BA2D6600533606 /* Build configuration list for PBXNativeTarget "FinalProject" */;
			buildPhases = (
				ECC7C23028BA2D6200533606 /* Sources */,
				ECC7C23128BA2D6200533606 /* Frameworks */,
				ECC7C23228BA2D6200533606 /* Resources */,
			);
			buildRules = (
			);
			dependencies = (
			);
			name = FinalProject;
			productName = FinalProject;
			productReference = ECC7C23428BA2D6200533606 /* FinalProject.app */;
			productType = "com.apple.product-type.application";
		};
/* End PBXNativeTarget section */

/* Begin PBXProject section */
		ECC7C22C28BA2D6200533606 /* Project object */ = {
			isa = PBXProject;
			attributes = {
				BuildIndependentTargetsInParallel = 1;
				LastSwiftUpdateCheck = 1340;
				LastUpgradeCheck = 1340;
				TargetAttributes = {
					ECC7C23328BA2D6200533606 = {
						CreatedOnToolsVersion = 13.4.1;
					};
				};
			};
			buildConfigurationList = ECC7C22F28BA2D6200533606 /* Build configuration list for PBXProject "FinalProject" */;
			compatibilityVersion = "Xcode 13.0";
			developmentRegion = en;
			hasScannedForEncodings = 0;
			knownRegions = (
				en,
				Base,
			);
			mainGroup = ECC7C22B28BA2D6200533606;
			productRefGroup = ECC7C23528BA2D6200533606 /* Products */;
			projectDirPath = "";
			projectRoot = "";
			targets = (
				ECC7C23328BA2D6200533606 /* FinalProject */,
			);
		};
/* End PBXProject section */

/* Begin PBXResourcesBuildPhase section */
		ECC7C23228BA2D6200533606 /* Resources */ = {
			isa = PBXResourcesBuildPhase;
			buildActionMask = 2147483647;
			files = (
				ECC7C23F28BA2D6600533606 /* Preview Assets.xcassets in Resources */,
				ECDC421728BD0AD60026FBCD /* NeufileGrotesk-SemiBold.ttf in Resources */,
				ECDC421228BD04270026FBCD /* NeufileGrotesk_font in Resources */,
				ECDC421528BD0A930026FBCD /* NeufileGrotesk-Medium.ttf in Resources */,
				ECC7C23C28BA2D6600533606 /* Assets.xcassets in Resources */,
			);
			runOnlyForDeploymentPostprocessing = 0;
		};
/* End PBXResourcesBuildPhase section */

/* Begin PBXSourcesBuildPhase section */
		ECC7C23028BA2D6200533606 /* Sources */ = {
			isa = PBXSourcesBuildPhase;
			buildActionMask = 2147483647;
			files = (
				EC2401AA28BD444B006AC8D0 /* Fourht.swift in Sources */,
				ECC7C23A28BA2D6200533606 /* ContentView.swift in Sources */,
				ECDC421D28BD21940026FBCD /* Thi.swift in Sources */,
				ECC7C23828BA2D6200533606 /* FinalProjectApp.swift in Sources */,
				ECDC421928BD17430026FBCD /* Sec.swift in Sources */,
			);
			runOnlyForDeploymentPostprocessing = 0;
		};
/* End PBXSourcesBuildPhase section */

/* Begin XCBuildConfiguration section */
		ECC7C24028BA2D6600533606 /* Debug */ = {
			isa = XCBuildConfiguration;
			buildSettings = {
				ALWAYS_SEARCH_USER_PATHS = NO;
				CLANG_ANALYZER_NONNULL = YES;
				CLANG_ANALYZER_NUMBER_OBJECT_CONVERSION = YES_AGGRESSIVE;
				CLANG_CXX_LANGUAGE_STANDARD = "gnu++17";
				CLANG_ENABLE_MODULES = YES;
				CLANG_ENABLE_OBJC_ARC = YES;
				CLANG_ENABLE_OBJC_WEAK = YES;
				CLANG_WARN_BLOCK_CAPTURE_AUTORELEASING = YES;
				CLANG_WARN_BOOL_CONVERSION = YES;
				CLANG_WARN_COMMA = YES;
				CLANG_WARN_CONSTANT_CONVERSION = YES;
				CLANG_WARN_DEPRECATED_OBJC_IMPLEMENTATIONS = YES;
				CLANG_WARN_DIRECT_OBJC_ISA_USAGE = YES_ERROR;
				CLANG_WARN_DOCUMENTATION_COMMENTS = YES;
				CLANG_WARN_EMPTY_BODY = YES;
				CLANG_WARN_ENUM_CONVERSION = YES;
				CLANG_WARN_INFINITE_RECURSION = YES;
				CLANG_WARN_INT_CONVERSION = YES;
				CLANG_WARN_NON_LITERAL_NULL_CONVERSION = YES;
				CLANG_WARN_OBJC_IMPLICIT_RETAIN_SELF = YES;
				CLANG_WARN_OBJC_LITERAL_CONVERSION = YES;
				CLANG_WARN_OBJC_ROOT_CLASS = YES_ERROR;
				CLANG_WARN_QUOTED_INCLUDE_IN_FRAMEWORK_HEADER = YES;
				CLANG_WARN_RANGE_LOOP_ANALYSIS = YES;
				CLANG_WARN_STRICT_PROTOTYPES = YES;
				CLANG_WARN_SUSPICIOUS_MOVE = YES;
				CLANG_WARN_UNGUARDED_AVAILABILITY = YES_AGGRESSIVE;
				CLANG_WARN_UNREACHABLE_CODE = YES;
				CLANG_WARN__DUPLICATE_METHOD_MATCH = YES;
				COPY_PHASE_STRIP = NO;
				DEBUG_INFORMATION_FORMAT = dwarf;
				ENABLE_STRICT_OBJC_MSGSEND = YES;
				ENABLE_TESTABILITY = YES;
				GCC_C_LANGUAGE_STANDARD = gnu11;
				GCC_DYNAMIC_NO_PIC = NO;
				GCC_NO_COMMON_BLOCKS = YES;
				GCC_OPTIMIZATION_LEVEL = 0;
				GCC_PREPROCESSOR_DEFINITIONS = (
					"DEBUG=1",
					"$(inherited)",
				);
				GCC_WARN_64_TO_32_BIT_CONVERSION = YES;
				GCC_WARN_ABOUT_RETURN_TYPE = YES_ERROR;
				GCC_WARN_UNDECLARED_SELECTOR = YES;
				GCC_WARN_UNINITIALIZED_AUTOS = YES_AGGRESSIVE;
				GCC_WARN_UNUSED_FUNCTION = YES;
				GCC_WARN_UNUSED_VARIABLE = YES;
				IPHONEOS_DEPLOYMENT_TARGET = 15.5;
				MTL_ENABLE_DEBUG_INFO = INCLUDE_SOURCE;
				MTL_FAST_MATH = YES;
				ONLY_ACTIVE_ARCH = YES;
				SDKROOT = iphoneos;
				SWIFT_ACTIVE_COMPILATION_CONDITIONS = DEBUG;
				SWIFT_OPTIMIZATION_LEVEL = "-Onone";
			};
			name = Debug;
		};
		ECC7C24128BA2D6600533606 /* Release */ = {
			isa = XCBuildConfiguration;
			buildSettings = {
				ALWAYS_SEARCH_USER_PATHS = NO;
				CLANG_ANALYZER_NONNULL = YES;
				CLANG_ANALYZER_NUMBER_OBJECT_CONVERSION = YES_AGGRESSIVE;
				CLANG_CXX_LANGUAGE_STANDARD = "gnu++17";
				CLANG_ENABLE_MODULES = YES;
				CLANG_ENABLE_OBJC_ARC = YES;
				CLANG_ENABLE_OBJC_WEAK = YES;
				CLANG_WARN_BLOCK_CAPTURE_AUTORELEASING = YES;
				CLANG_WARN_BOOL_CONVERSION = YES;
				CLANG_WARN_COMMA = YES;
				CLANG_WARN_CONSTANT_CONVERSION = YES;
				CLANG_WARN_DEPRECATED_OBJC_IMPLEMENTATIONS = YES;
				CLANG_WARN_DIRECT_OBJC_ISA_USAGE = YES_ERROR;
				CLANG_WARN_DOCUMENTATION_COMMENTS = YES;
				CLANG_WARN_EMPTY_BODY = YES;
				CLANG_WARN_ENUM_CONVERSION = YES;
				CLANG_WARN_INFINITE_RECURSION = YES;
				CLANG_WARN_INT_CONVERSION = YES;
				CLANG_WARN_NON_LITERAL_NULL_CONVERSION = YES;
				CLANG_WARN_OBJC_IMPLICIT_RETAIN_SELF = YES;
				CLANG_WARN_OBJC_LITERAL_CONVERSION = YES;
				CLANG_WARN_OBJC_ROOT_CLASS = YES_ERROR;
				CLANG_WARN_QUOTED_INCLUDE_IN_FRAMEWORK_HEADER = YES;
				CLANG_WARN_RANGE_LOOP_ANALYSIS = YES;
				CLANG_WARN_STRICT_PROTOTYPES = YES;
				CLANG_WARN_SUSPICIOUS_MOVE = YES;
				CLANG_WARN_UNGUARDED_AVAILABILITY = YES_AGGRESSIVE;
				CLANG_WARN_UNREACHABLE_CODE = YES;
				CLANG_WARN__DUPLICATE_METHOD_MATCH = YES;
				COPY_PHASE_STRIP = NO;
				DEBUG_INFORMATION_FORMAT = "dwarf-with-dsym";
				ENABLE_NS_ASSERTIONS = NO;
				ENABLE_STRICT_OBJC_MSGSEND = YES;
				GCC_C_LANGUAGE_STANDARD = gnu11;
				GCC_NO_COMMON_BLOCKS = YES;
				GCC_WARN_64_TO_32_BIT_CONVERSION = YES;
				GCC_WARN_ABOUT_RETURN_TYPE = YES_ERROR;
				GCC_WARN_UNDECLARED_SELECTOR = YES;
				GCC_WARN_UNINITIALIZED_AUTOS = YES_AGGRESSIVE;
				GCC_WARN_UNUSED_FUNCTION = YES;
				GCC_WARN_UNUSED_VARIABLE = YES;
				IPHONEOS_DEPLOYMENT_TARGET = 15.5;
				MTL_ENABLE_DEBUG_INFO = NO;
				MTL_FAST_MATH = YES;
				SDKROOT = iphoneos;
				SWIFT_COMPILATION_MODE = wholemodule;
				SWIFT_OPTIMIZATION_LEVEL = "-O";
				VALIDATE_PRODUCT = YES;
			};
			name = Release;
		};
		ECC7C24328BA2D6600533606 /* Debug */ = {
			isa = XCBuildConfiguration;
			buildSettings = {
				ASSETCATALOG_COMPILER_APPICON_NAME = AppIcon;
				ASSETCATALOG_COMPILER_GLOBAL_ACCENT_COLOR_NAME = AccentColor;
				CODE_SIGN_STYLE = Automatic;
				CURRENT_PROJECT_VERSION = 1;
				DEVELOPMENT_ASSET_PATHS = "\"FinalProject/Preview Content\"";
				DEVELOPMENT_TEAM = LKTZZ7TC6L;
				ENABLE_PREVIEWS = YES;
				GENERATE_INFOPLIST_FILE = YES;
				INFOPLIST_FILE = FinalProject/Info.plist;
				INFOPLIST_KEY_CFBundleDisplayName = "";
				INFOPLIST_KEY_LSApplicationCategoryType = "";
				INFOPLIST_KEY_UIApplicationSceneManifest_Generation = YES;
				INFOPLIST_KEY_UIApplicationSupportsIndirectInputEvents = YES;
				INFOPLIST_KEY_UILaunchScreen_Generation = YES;
				INFOPLIST_KEY_UISupportedInterfaceOrientations_iPad = "UIInterfaceOrientationPortrait UIInterfaceOrientationPortraitUpsideDown UIInterfaceOrientationLandscapeLeft UIInterfaceOrientationLandscapeRight";
				INFOPLIST_KEY_UISupportedInterfaceOrientations_iPhone = "UIInterfaceOrientationPortrait UIInterfaceOrientationLandscapeLeft UIInterfaceOrientationLandscapeRight";
				LD_RUNPATH_SEARCH_PATHS = (
					"$(inherited)",
					"@executable_path/Frameworks",
				);
				MARKETING_VERSION = 1.0;
				PRODUCT_BUNDLE_IDENTIFIER = com.aal3aamry.FinalProject;
				PRODUCT_NAME = "$(TARGET_NAME)";
				SWIFT_EMIT_LOC_STRINGS = YES;
				SWIFT_VERSION = 5.0;
				TARGETED_DEVICE_FAMILY = "1,2";
			};
			name = Debug;
		};
		ECC7C24428BA2D6600533606 /* Release */ = {
			isa = XCBuildConfiguration;
			buildSettings = {
				ASSETCATALOG_COMPILER_APPICON_NAME = AppIcon;
				ASSETCATALOG_COMPILER_GLOBAL_ACCENT_COLOR_NAME = AccentColor;
				CODE_SIGN_STYLE = Automatic;
				CURRENT_PROJECT_VERSION = 1;
				DEVELOPMENT_ASSET_PATHS = "\"FinalProject/Preview Content\"";
				DEVELOPMENT_TEAM = LKTZZ7TC6L;
				ENABLE_PREVIEWS = YES;
				GENERATE_INFOPLIST_FILE = YES;
				INFOPLIST_FILE = FinalProject/Info.plist;
				INFOPLIST_KEY_CFBundleDisplayName = "";
				INFOPLIST_KEY_LSApplicationCategoryType = "";
				INFOPLIST_KEY_UIApplicationSceneManifest_Generation = YES;
				INFOPLIST_KEY_UIApplicationSupportsIndirectInputEvents = YES;
				INFOPLIST_KEY_UILaunchScreen_Generation = YES;
				INFOPLIST_KEY_UISupportedInterfaceOrientations_iPad = "UIInterfaceOrientationPortrait UIInterfaceOrientationPortraitUpsideDown UIInterfaceOrientationLandscapeLeft UIInterfaceOrientationLandscapeRight";
				INFOPLIST_KEY_UISupportedInterfaceOrientations_iPhone = "UIInterfaceOrientationPortrait UIInterfaceOrientationLandscapeLeft UIInterfaceOrientationLandscapeRight";
				LD_RUNPATH_SEARCH_PATHS = (
					"$(inherited)",
					"@executable_path/Frameworks",
				);
				MARKETING_VERSION = 1.0;
				PRODUCT_BUNDLE_IDENTIFIER = com.aal3aamry.FinalProject;
				PRODUCT_NAME = "$(TARGET_NAME)";
				SWIFT_EMIT_LOC_STRINGS = YES;
				SWIFT_VERSION = 5.0;
				TARGETED_DEVICE_FAMILY = "1,2";
			};
			name = Release;
		};
/* End XCBuildConfiguration section */

/* Begin XCConfigurationList section */
		ECC7C22F28BA2D6200533606 /* Build configuration list for PBXProject "FinalProject" */ = {
			isa = XCConfigurationList;
			buildConfigurations = (
				ECC7C24028BA2D6600533606 /* Debug */,
				ECC7C24128BA2D6600533606 /* Release */,
			);
			defaultConfigurationIsVisible = 0;
			defaultConfigurationName = Release;
		};
		ECC7C24228BA2D6600533606 /* Build configuration list for PBXNativeTarget "FinalProject" */ = {
			isa = XCConfigurationList;
			buildConfigurations = (
				ECC7C24328BA2D6600533606 /* Debug */,
				ECC7C24428BA2D6600533606 /* Release */,
			);
			defaultConfigurationIsVisible = 0;
			defaultConfigurationName = Release;
		};
/* End XCConfigurationList section */
	};
	rootObject = ECC7C22C28BA2D6200533606 /* Project object */;
}
